
Microsoft Visual Studio Solution File, Format Version 12.00
# Visual Studio Version 16
VisualStudioVersion = 16.0.30011.22
MinimumVisualStudioVersion = 10.0.40219.1
Project("{FAE04EC0-301F-11D3-BF4B-00C04F79EFBC}") = "EventPrac", "EventPrac\EventPrac.csproj", "{DBE39332-A9BD-4D4A-80FA-ADD75610362C}"
EndProject
Global
	GlobalSection(SolutionConfigurationPlatforms) = preSolution
		Debug|Any CPU = Debug|Any CPU
		Release|Any CPU = Release|Any CPU
	EndGlobalSection
	GlobalSection(ProjectConfigurationPlatforms) = postSolution
		{DBE39332-A9BD-4D4A-80FA-ADD75610362C}.Debug|Any CPU.ActiveCfg = Debug|Any CPU
		{DBE39332-A9BD-4D4A-80FA-ADD75610362C}.Debug|Any CPU.Build.0 = Debug|Any CPU
		{DBE39332-A9BD-4D4A-80FA-ADD75610362C}.Release|Any CPU.ActiveCfg = Release|Any CPU
		{DBE39332-A9BD-4D4A-80FA-ADD75610362C}.Release|Any CPU.Build.0 = Release|Any CPU
	EndGlobalSection
	GlobalSection(SolutionProperties) = preSolution
		HideSolutionNode = FALSE
	EndGlobalSection
	GlobalSection(ExtensibilityGlobals) = postSolution
		SolutionGuid = {FE6A95B5-7947-4882-819C-05CBA971139F}
	EndGlobalSection
EndGlobal
